Microsoft Visual Studio Solution File, Format Version 12.00
# Visual Studio Version 17
VisualStudioVersion = 17.5.2.0
MinimumVisualStudioVersion = 10.0.40219.1
Project("{FAE04EC0-301F-11D3-BF4B-00C04F79EFBC}") = "ManejoPresupuesto", "ManejoPresupuesto.csproj", "{272B1CCB-2A8B-FEF9-20D6-6D6161832CBF}"
EndProject
Global
	GlobalSection(SolutionConfigurationPlatforms) = preSolution
		Debug|Any CPU = Debug|Any CPU
		Release|Any CPU = Release|Any CPU
	EndGlobalSection
	GlobalSection(ProjectConfigurationPlatforms) = postSolution
		{272B1CCB-2A8B-FEF9-20D6-6D6161832CBF}.Debug|Any CPU.ActiveCfg = Debug|Any CPU
		{272B1CCB-2A8B-FEF9-20D6-6D6161832CBF}.Debug|Any CPU.Build.0 = Debug|Any CPU
		{272B1CCB-2A8B-FEF9-20D6-6D6161832CBF}.Release|Any CPU.ActiveCfg = Release|Any CPU
		{272B1CCB-2A8B-FEF9-20D6-6D6161832CBF}.Release|Any CPU.Build.0 = Release|Any CPU
	EndGlobalSection
	GlobalSection(SolutionProperties) = preSolution
		HideSolutionNode = FALSE
	EndGlobalSection
	GlobalSection(ExtensibilityGlobals) = postSolution
		SolutionGuid = {DFF557FF-CEF4-4BD1-8C7B-75E7CEDB9E37}
	EndGlobalSection
EndGlobal
